
Microsoft Visual Studio Solution File, Format Version 12.00
# Visual Studio Version 17
VisualStudioVersion = 17.4.33205.214
MinimumVisualStudioVersion = 10.0.40219.1
Project("{FAE04EC0-301F-11D3-BF4B-00C04F79EFBC}") = "CSworkshoposkar", "CSworkshoposkar\CSworkshoposkar.csproj", "{B15EBD39-E65E-43E1-B7B2-C1040B18546F}"
EndProject
Global
	GlobalSection(SolutionConfigurationPlatforms) = preSolution
		Debug|Any CPU = Debug|Any CPU
		Release|Any CPU = Release|Any CPU
	EndGlobalSection
	GlobalSection(ProjectConfigurationPlatforms) = postSolution
		{B15EBD39-E65E-43E1-B7B2-C1040B18546F}.Debug|Any CPU.ActiveCfg = Debug|Any CPU
		{B15EBD39-E65E-43E1-B7B2-C1040B18546F}.Debug|Any CPU.Build.0 = Debug|Any CPU
		{B15EBD39-E65E-43E1-B7B2-C1040B18546F}.Release|Any CPU.ActiveCfg = Release|Any CPU
		{B15EBD39-E65E-43E1-B7B2-C1040B18546F}.Release|Any CPU.Build.0 = Release|Any CPU
	EndGlobalSection
	GlobalSection(SolutionProperties) = preSolution
		HideSolutionNode = FALSE
	EndGlobalSection
	GlobalSection(ExtensibilityGlobals) = postSolution
		SolutionGuid = {5913A790-9976-41DB-876F-52493D62E952}
	EndGlobalSection
EndGlobal
