
Microsoft Visual Studio Solution File, Format Version 12.00
# Visual Studio Version 17
VisualStudioVersion = 17.4.33205.214
MinimumVisualStudioVersion = 10.0.40219.1
Project("{FAE04EC0-301F-11D3-BF4B-00C04F79EFBC}") = "CSworkshoposkar1", "CSworkshoposkar1\CSworkshoposkar1.csproj", "{4323937C-3802-475E-A0FC-9DA2FB15CAFA}"
EndProject
Global
	GlobalSection(SolutionConfigurationPlatforms) = preSolution
		Debug|Any CPU = Debug|Any CPU
		Release|Any CPU = Release|Any CPU
	EndGlobalSection
	GlobalSection(ProjectConfigurationPlatforms) = postSolution
		{4323937C-3802-475E-A0FC-9DA2FB15CAFA}.Debug|Any CPU.ActiveCfg = Debug|Any CPU
		{4323937C-3802-475E-A0FC-9DA2FB15CAFA}.Debug|Any CPU.Build.0 = Debug|Any CPU
		{4323937C-3802-475E-A0FC-9DA2FB15CAFA}.Release|Any CPU.ActiveCfg = Release|Any CPU
		{4323937C-3802-475E-A0FC-9DA2FB15CAFA}.Release|Any CPU.Build.0 = Release|Any CPU
	EndGlobalSection
	GlobalSection(SolutionProperties) = preSolution
		HideSolutionNode = FALSE
	EndGlobalSection
	GlobalSection(ExtensibilityGlobals) = postSolution
		SolutionGuid = {CD03A25B-D27D-4343-B4F0-2B9E598C8879}
	EndGlobalSection
EndGlobal
